# @generated by Move, please check-in and do not edit manually.

[move]
version = 3
manifest_digest = "746E53342ABA6EE142F76DE6DA9D5EA820E870E533694D57542172F18B91E135"
deps_digest = "F8BBB0CCB2491CA29A3DF03D6F92277A4F3574266507ACD77214D37ECA3F3082"
dependencies = [
  { id = "Sui", name = "Sui" },
]

[[move.package]]
id = "MoveStdlib"
source = { local = "/home/andrey/personal/sui/crates/sui-framework/packages/move-stdlib" }

[[move.package]]
id = "Sui"
source = { local = "/home/andrey/personal/sui/crates/sui-framework/packages/sui-framework" }

dependencies = [
  { id = "MoveStdlib", name = "MoveStdlib" },
]

[move.toolchain-version]
compiler-version = "1.55.0"
edition = "2024.beta"
flavor = "sui"

[env]

[env.testnet]
chain-id = "4c78adac"
original-published-id = "0xd5a2abd42ea59914d83375873e8447544295bd0e5832350522bad79f8446a891"
latest-published-id = "0xd5a2abd42ea59914d83375873e8447544295bd0e5832350522bad79f8446a891"
published-version = "1"
